
Microsoft Visual Studio Solution File, Format Version 12.00
# Visual Studio Version 16
VisualStudioVersion = 16.0.30413.136
MinimumVisualStudioVersion = 10.0.40219.1
Project("{FAE04EC0-301F-11D3-BF4B-00C04F79EFBC}") = "StudentTeamManager.Core", "StudentTeamManager.Core\StudentTeamManager.Core.csproj", "{7C446660-8355-4BAC-BA01-0F6433475BC5}"
EndProject
Project("{FAE04EC0-301F-11D3-BF4B-00C04F79EFBC}") = "StudentTeamManager.Core.Entities", "StudentTeamManager.Core.Entities\StudentTeamManager.Core.Entities.csproj", "{B9AAAE7E-9671-4904-A1AB-4E1261183D0A}"
EndProject
Project("{FAE04EC0-301F-11D3-BF4B-00C04F79EFBC}") = "XUnitTestProject", "XUnitTestProject\XUnitTestProject.csproj", "{B57613AB-F875-47F2-AA67-FF6D26099B34}"
EndProject
Global
	GlobalSection(SolutionConfigurationPlatforms) = preSolution
		Debug|Any CPU = Debug|Any CPU
		Release|Any CPU = Release|Any CPU
	EndGlobalSection
	GlobalSection(ProjectConfigurationPlatforms) = postSolution
		{7C446660-8355-4BAC-BA01-0F6433475BC5}.Debug|Any CPU.ActiveCfg = Debug|Any CPU
		{7C446660-8355-4BAC-BA01-0F6433475BC5}.Debug|Any CPU.Build.0 = Debug|Any CPU
		{7C446660-8355-4BAC-BA01-0F6433475BC5}.Release|Any CPU.ActiveCfg = Release|Any CPU
		{7C446660-8355-4BAC-BA01-0F6433475BC5}.Release|Any CPU.Build.0 = Release|Any CPU
		{B9AAAE7E-9671-4904-A1AB-4E1261183D0A}.Debug|Any CPU.ActiveCfg = Debug|Any CPU
		{B9AAAE7E-9671-4904-A1AB-4E1261183D0A}.Debug|Any CPU.Build.0 = Debug|Any CPU
		{B9AAAE7E-9671-4904-A1AB-4E1261183D0A}.Release|Any CPU.ActiveCfg = Release|Any CPU
		{B9AAAE7E-9671-4904-A1AB-4E1261183D0A}.Release|Any CPU.Build.0 = Release|Any CPU
		{B57613AB-F875-47F2-AA67-FF6D26099B34}.Debug|Any CPU.ActiveCfg = Debug|Any CPU
		{B57613AB-F875-47F2-AA67-FF6D26099B34}.Debug|Any CPU.Build.0 = Debug|Any CPU
		{B57613AB-F875-47F2-AA67-FF6D26099B34}.Release|Any CPU.ActiveCfg = Release|Any CPU
		{B57613AB-F875-47F2-AA67-FF6D26099B34}.Release|Any CPU.Build.0 = Release|Any CPU
	EndGlobalSection
	GlobalSection(SolutionProperties) = preSolution
		HideSolutionNode = FALSE
	EndGlobalSection
	GlobalSection(ExtensibilityGlobals) = postSolution
		SolutionGuid = {A9048EDE-C3C5-448B-9814-50C4A879E644}
	EndGlobalSection
EndGlobal
